
Microsoft Visual Studio Solution File, Format Version 12.00
# Visual Studio Version 17
VisualStudioVersion = 17.0.31903.59
MinimumVisualStudioVersion = 10.0.40219.1
Project("{FAE04EC0-301F-11D3-BF4B-00C04F79EFBC}") = "Day1", "Day1\Day1.csproj", "{31D6530F-5C89-4FE5-98E5-FE91BB581405}"
EndProject
Project("{FAE04EC0-301F-11D3-BF4B-00C04F79EFBC}") = "Day2", "Day2\Day2.csproj", "{F96E3965-4820-4064-9026-BA6826CB713E}"
EndProject
Project("{FAE04EC0-301F-11D3-BF4B-00C04F79EFBC}") = "Day3", "Day3\Day3.csproj", "{E800F30D-C06D-4190-AA69-D676FDF781C3}"
EndProject
Project("{FAE04EC0-301F-11D3-BF4B-00C04F79EFBC}") = "Day4", "Day4\Day4.csproj", "{4F1C5279-9C7A-4722-8E46-519C1B1AC5A8}"
EndProject
Project("{FAE04EC0-301F-11D3-BF4B-00C04F79EFBC}") = "Day5", "Day5\Day5.csproj", "{96A463C9-ABAA-4D4B-8412-855F6DFB561E}"
EndProject
Project("{FAE04EC0-301F-11D3-BF4B-00C04F79EFBC}") = "Day8", "Day8\Day8.csproj", "{C1B75CB9-A657-4A66-98A0-8860FB344BAF}"
EndProject
Project("{FAE04EC0-301F-11D3-BF4B-00C04F79EFBC}") = "Day9", "Day9\Day9.csproj", "{D9CC2A59-323A-4F78-ABDA-6C62B0941726}"
EndProject
Global
	GlobalSection(SolutionConfigurationPlatforms) = preSolution
		Debug|Any CPU = Debug|Any CPU
		Release|Any CPU = Release|Any CPU
	EndGlobalSection
	GlobalSection(SolutionProperties) = preSolution
		HideSolutionNode = FALSE
	EndGlobalSection
	GlobalSection(ProjectConfigurationPlatforms) = postSolution
		{31D6530F-5C89-4FE5-98E5-FE91BB581405}.Debug|Any CPU.ActiveCfg = Debug|Any CPU
		{31D6530F-5C89-4FE5-98E5-FE91BB581405}.Debug|Any CPU.Build.0 = Debug|Any CPU
		{31D6530F-5C89-4FE5-98E5-FE91BB581405}.Release|Any CPU.ActiveCfg = Release|Any CPU
		{31D6530F-5C89-4FE5-98E5-FE91BB581405}.Release|Any CPU.Build.0 = Release|Any CPU
		{F96E3965-4820-4064-9026-BA6826CB713E}.Debug|Any CPU.ActiveCfg = Debug|Any CPU
		{F96E3965-4820-4064-9026-BA6826CB713E}.Debug|Any CPU.Build.0 = Debug|Any CPU
		{F96E3965-4820-4064-9026-BA6826CB713E}.Release|Any CPU.ActiveCfg = Release|Any CPU
		{F96E3965-4820-4064-9026-BA6826CB713E}.Release|Any CPU.Build.0 = Release|Any CPU
		{E800F30D-C06D-4190-AA69-D676FDF781C3}.Debug|Any CPU.ActiveCfg = Debug|Any CPU
		{E800F30D-C06D-4190-AA69-D676FDF781C3}.Debug|Any CPU.Build.0 = Debug|Any CPU
		{E800F30D-C06D-4190-AA69-D676FDF781C3}.Release|Any CPU.ActiveCfg = Release|Any CPU
		{E800F30D-C06D-4190-AA69-D676FDF781C3}.Release|Any CPU.Build.0 = Release|Any CPU
		{4F1C5279-9C7A-4722-8E46-519C1B1AC5A8}.Debug|Any CPU.ActiveCfg = Debug|Any CPU
		{4F1C5279-9C7A-4722-8E46-519C1B1AC5A8}.Debug|Any CPU.Build.0 = Debug|Any CPU
		{4F1C5279-9C7A-4722-8E46-519C1B1AC5A8}.Release|Any CPU.ActiveCfg = Release|Any CPU
		{4F1C5279-9C7A-4722-8E46-519C1B1AC5A8}.Release|Any CPU.Build.0 = Release|Any CPU
		{96A463C9-ABAA-4D4B-8412-855F6DFB561E}.Debug|Any CPU.ActiveCfg = Debug|Any CPU
		{96A463C9-ABAA-4D4B-8412-855F6DFB561E}.Debug|Any CPU.Build.0 = Debug|Any CPU
		{96A463C9-ABAA-4D4B-8412-855F6DFB561E}.Release|Any CPU.ActiveCfg = Release|Any CPU
		{96A463C9-ABAA-4D4B-8412-855F6DFB561E}.Release|Any CPU.Build.0 = Release|Any CPU
		{C1B75CB9-A657-4A66-98A0-8860FB344BAF}.Debug|Any CPU.ActiveCfg = Debug|Any CPU
		{C1B75CB9-A657-4A66-98A0-8860FB344BAF}.Debug|Any CPU.Build.0 = Debug|Any CPU
		{C1B75CB9-A657-4A66-98A0-8860FB344BAF}.Release|Any CPU.ActiveCfg = Release|Any CPU
		{C1B75CB9-A657-4A66-98A0-8860FB344BAF}.Release|Any CPU.Build.0 = Release|Any CPU
		{D9CC2A59-323A-4F78-ABDA-6C62B0941726}.Debug|Any CPU.ActiveCfg = Debug|Any CPU
		{D9CC2A59-323A-4F78-ABDA-6C62B0941726}.Debug|Any CPU.Build.0 = Debug|Any CPU
		{D9CC2A59-323A-4F78-ABDA-6C62B0941726}.Release|Any CPU.ActiveCfg = Release|Any CPU
		{D9CC2A59-323A-4F78-ABDA-6C62B0941726}.Release|Any CPU.Build.0 = Release|Any CPU
	EndGlobalSection
EndGlobal
